
Microsoft Visual Studio Solution File, Format Version 12.00
# Visual Studio Version 17
VisualStudioVersion = 17.14.36212.18 d17.14
MinimumVisualStudioVersion = 10.0.40219.1
Project("{FAE04EC0-301F-11D3-BF4B-00C04F79EFBC}") = "CsharpLearn01", "CsharpLearn01\CsharpLearn01.csproj", "{47BF8B59-0A3B-4247-A755-7DA07C427486}"
EndProject
Global
	GlobalSection(SolutionConfigurationPlatforms) = preSolution
		Debug|Any CPU = Debug|Any CPU
		Release|Any CPU = Release|Any CPU
	EndGlobalSection
	GlobalSection(ProjectConfigurationPlatforms) = postSolution
		{47BF8B59-0A3B-4247-A755-7DA07C427486}.Debug|Any CPU.ActiveCfg = Debug|Any CPU
		{47BF8B59-0A3B-4247-A755-7DA07C427486}.Debug|Any CPU.Build.0 = Debug|Any CPU
		{47BF8B59-0A3B-4247-A755-7DA07C427486}.Release|Any CPU.ActiveCfg = Release|Any CPU
		{47BF8B59-0A3B-4247-A755-7DA07C427486}.Release|Any CPU.Build.0 = Release|Any CPU
	EndGlobalSection
	GlobalSection(SolutionProperties) = preSolution
		HideSolutionNode = FALSE
	EndGlobalSection
	GlobalSection(ExtensibilityGlobals) = postSolution
		SolutionGuid = {1BD14B11-5BEA-41D4-9A40-1D408112B500}
	EndGlobalSection
EndGlobal
